
Microsoft Visual Studio Solution File, Format Version 12.00
# Visual Studio Version 16
VisualStudioVersion = 16.0.31025.194
MinimumVisualStudioVersion = 10.0.40219.1
Project("{9A19103F-16F7-4668-BE54-9A1E7A4F7556}") = "backend", "backend\backend.csproj", "{9873C29B-C2EF-4656-84D2-45A5D2652ADF}"
EndProject
Project("{FAE04EC0-301F-11D3-BF4B-00C04F79EFBC}") = "PharmacyIntegrationTests", "PharmacyIntegrationTests\PharmacyIntegrationTests.csproj", "{A0B75F90-161D-4356-815B-B5DFC64C5D18}"
EndProject
Project("{FAE04EC0-301F-11D3-BF4B-00C04F79EFBC}") = "PharmacyUnitTests", "PharmacyUnitTests\PharmacyUnitTests.csproj", "{B9FB09EF-2019-4C24-A3F3-F052B346BDB6}"
EndProject
Global
	GlobalSection(SolutionConfigurationPlatforms) = preSolution
		Debug|Any CPU = Debug|Any CPU
		Release|Any CPU = Release|Any CPU
	EndGlobalSection
	GlobalSection(ProjectConfigurationPlatforms) = postSolution
		{9873C29B-C2EF-4656-84D2-45A5D2652ADF}.Debug|Any CPU.ActiveCfg = Debug|Any CPU
		{9873C29B-C2EF-4656-84D2-45A5D2652ADF}.Debug|Any CPU.Build.0 = Debug|Any CPU
		{9873C29B-C2EF-4656-84D2-45A5D2652ADF}.Release|Any CPU.ActiveCfg = Release|Any CPU
		{9873C29B-C2EF-4656-84D2-45A5D2652ADF}.Release|Any CPU.Build.0 = Release|Any CPU
		{A0B75F90-161D-4356-815B-B5DFC64C5D18}.Debug|Any CPU.ActiveCfg = Debug|Any CPU
		{A0B75F90-161D-4356-815B-B5DFC64C5D18}.Debug|Any CPU.Build.0 = Debug|Any CPU
		{A0B75F90-161D-4356-815B-B5DFC64C5D18}.Release|Any CPU.ActiveCfg = Release|Any CPU
		{A0B75F90-161D-4356-815B-B5DFC64C5D18}.Release|Any CPU.Build.0 = Release|Any CPU
		{B9FB09EF-2019-4C24-A3F3-F052B346BDB6}.Debug|Any CPU.ActiveCfg = Debug|Any CPU
		{B9FB09EF-2019-4C24-A3F3-F052B346BDB6}.Debug|Any CPU.Build.0 = Debug|Any CPU
		{B9FB09EF-2019-4C24-A3F3-F052B346BDB6}.Release|Any CPU.ActiveCfg = Release|Any CPU
		{B9FB09EF-2019-4C24-A3F3-F052B346BDB6}.Release|Any CPU.Build.0 = Release|Any CPU
	EndGlobalSection
	GlobalSection(SolutionProperties) = preSolution
		HideSolutionNode = FALSE
	EndGlobalSection
	GlobalSection(ExtensibilityGlobals) = postSolution
		SolutionGuid = {03BC25A8-2EFA-4594-AAC3-E11266FE9CAA}
	EndGlobalSection
EndGlobal
